Microsoft Visual Studio Solution File, Format Version 12.00
# Visual Studio 2012
Project("{FAE04EC0-301F-11D3-BF4B-00C04F79EFBC}") = "Risk__Game", "Risk__Game.csproj", "{6ADBDB60-5623-4675-BA09-54C602C0416B}"
EndProject
Global
	GlobalSection(SolutionConfigurationPlatforms) = preSolution
	Debug|Any CPU = Debug|Any CPU
	Release|Any CPU = Release|Any CPU
	Tools|Any CPU = Tools|Any CPU
	EndGlobalSection
	GlobalSection(ProjectConfigurationPlatforms) = postSolution
		{6ADBDB60-5623-4675-BA09-54C602C0416B}.Debug|Any CPU.ActiveCfg = Debug|Any CPU
		{6ADBDB60-5623-4675-BA09-54C602C0416B}.Debug|Any CPU.Build.0 = Debug|Any CPU
		{6ADBDB60-5623-4675-BA09-54C602C0416B}.Release|Any CPU.ActiveCfg = Release|Any CPU
		{6ADBDB60-5623-4675-BA09-54C602C0416B}.Release|Any CPU.Build.0 = Release|Any CPU
		{6ADBDB60-5623-4675-BA09-54C602C0416B}.Tools|Any CPU.ActiveCfg = Tools|Any CPU
		{6ADBDB60-5623-4675-BA09-54C602C0416B}.Tools|Any CPU.Build.0 = Tools|Any CPU
	EndGlobalSection
EndGlobal
